github.com/TheOpenDictionary/odict/lib/config v0.0.0-20230806153940-6b01ba7136fa h1:9ybiVe1NMvQ5VTJX2x6CWSf1asSjBqtcmYmJOsPx0ZM=
github.com/TheOpenDictionary/odict/lib/core v0.0.0-20230921060249-e2cb2527d998 h1:dPak3vJDcaQsEZ8i9buZMrC+afZHWaM1jwEJGuylIIQ=
github.com/TheOpenDictionary/odict/lib/test v0.0.0-20240109012151-688e6c29aa28 h1:5WEPyZpXGZ24t0KhZzt8pAmhWkPWLXavmXJ5D+XOSRI=
github.com/TheOpenDictionary/odict/lib/types v0.0.0-20230921060249-e2cb2527d998 h1:nhn6xTz+dc7MIuVZwZ28oS3FaBNl8Ipl93EQHIjZ8GU=
github.com/TheOpenDictionary/odict/lib/utils v0.0.0-20230921060249-e2cb2527d998 h1:g9vtfdJO9979Gf208J3i1wNh8kvbAidhabnQapKuieY=
github.com/davecgh/go-spew v1.1.1 h1:vj9j/u1bqnvCEfJOwUhtlOARqs3+rkHYY13jYWTU97c=
github.com/golang/snappy v0.0.4 h1:yAGX7huGHXlcLOEtBnF4w7FQwA26wojNCwOYAEhLjQM=
github.com/google/flatbuffers v23.5.26+incompatible h1:M9dgRyhJemaM4Sw8+66GHBu8ioaQmyPLg1b8VwK5WJg=
github.com/google/uuid v1.5.0 h1:1p67kYwdtXjb0gL0BPiP1Av9wiZPo5A8z2cWkTZ+eyU=
github.com/imdario/mergo v0.3.16 h1:wwQJbIsHYGMUyLSPrEq1CT16AhnhNJQ51+4fdHUnCl4=
github.com/kr/pretty v0.1.0 h1:L/CwN0zerZDmRFUapSPitk6f+Q3+0za1rQkzVuMiMFI=
github.com/kr/text v0.1.0 h1:45sCR5RtlFHMR4UwH9sdQ5TC8v0qDQCHnXt+kaKSTVE=
github.com/pmezard/go-difflib v1.0.0 h1:4DBwDE0NGyQoBHbLQYPwSUPoCMWR5BEzIk/f1lZbAQM=
github.com/samber/lo v1.39.0 h1:4gTz1wUhNYLhFSKl6O+8peW0v2F4BCY034GRpU9WnuA=
github.com/stretchr/testify v1.8.4 h1:CcVxjf3Q8PM0mHUKJCdn+eZZtm5yQwehR5yeSVQQcUk=
golang.org/x/exp v0.0.0-20220303212507-bbda1eaf7a17 h1:3MTrJm4PyNL9NBqvYDSj3DHl46qQakyfqfWo4jgfaEM=
gopkg.in/check.v1 v1.0.0-20180628173108-788fd7840127 h1:qIbj1fsPNlZgppZ+VLlY7N33q108Sa+fhmuc+sWQYwY=
gopkg.in/yaml.v3 v3.0.1 h1:fxVm/GzAzEWqLHuvctI91KS9hhNmmWOoWu0XTYJS7CA=
