github.com/TheOpenDictionary/odict/lib/test v0.0.0-20230527064826-15b2ec69deab h1:0rBoKquhPKHY3mCe/VMIIEdrtz36JlGDU1hXhbFDj30=
github.com/TheOpenDictionary/odict/lib/test v0.0.0-20230527064826-15b2ec69deab/go.mod h1:10by/1fkIAM+8HGFJsLX4DjdgtpyFgsfST0B9w9ogG4=
github.com/TheOpenDictionary/odict/lib/types v0.0.0-20230527064826-15b2ec69deab h1:tNbBA/v+Yk6Lz7th7G7PAwQN5CveOB65SmW2S3Og8lM=
github.com/TheOpenDictionary/odict/lib/types v0.0.0-20230527064826-15b2ec69deab/go.mod h1:bpMCFIuIzlEPV2a2lfxjI6sX34I3ovQjpDRY20EHG4A=
github.com/TheOpenDictionary/odict/lib/utils v0.0.0-20230527064826-15b2ec69deab h1:5OD7nJQbDpzORr3Hmoh+Xra/E8gOA1PG2uA5BWzCLCc=
github.com/TheOpenDictionary/odict/lib/utils v0.0.0-20230527064826-15b2ec69deab/go.mod h1:J+wpUCVDLh4i6YWJPMFVNMT/rK/6H08fNpzgxrrdTtY=
github.com/davecgh/go-spew v1.1.1 h1:vj9j/u1bqnvCEfJOwUhtlOARqs3+rkHYY13jYWTU97c=
github.com/davecgh/go-spew v1.1.1/go.mod h1:J7Y8YcW2NihsgmVo/mv3lAwl/skON4iLHjSsI+c5H38=
github.com/golang/snappy v0.0.4 h1:yAGX7huGHXlcLOEtBnF4w7FQwA26wojNCwOYAEhLjQM=
github.com/golang/snappy v0.0.4/go.mod h1:/XxbfmMg8lxefKM7IXC3fBNl/7bRcc72aCRzEWrmP2Q=
github.com/google/flatbuffers v23.5.26+incompatible h1:M9dgRyhJemaM4Sw8+66GHBu8ioaQmyPLg1b8VwK5WJg=
github.com/google/flatbuffers v23.5.26+incompatible/go.mod h1:1AeVuKshWv4vARoZatz6mlQ0JxURH0Kv5+zNeJKJCa8=
github.com/imdario/mergo v0.3.15 h1:M8XP7IuFNsqUx6VPK2P9OSmsYsI/YFaGil0uD21V3dM=
github.com/imdario/mergo v0.3.15/go.mod h1:WBLT9ZmE3lPoWsEzCh9LPo3TiwVN+ZKEjmz+hD27ysY=
github.com/imdario/mergo v0.3.16 h1:wwQJbIsHYGMUyLSPrEq1CT16AhnhNJQ51+4fdHUnCl4=
github.com/imdario/mergo v0.3.16/go.mod h1:WBLT9ZmE3lPoWsEzCh9LPo3TiwVN+ZKEjmz+hD27ysY=
github.com/pmezard/go-difflib v1.0.0 h1:4DBwDE0NGyQoBHbLQYPwSUPoCMWR5BEzIk/f1lZbAQM=
github.com/pmezard/go-difflib v1.0.0/go.mod h1:iKH77koFhYxTK1pcRnkKkqfTogsbg7gZNVY4sRDYZ/4=
github.com/stretchr/testify v1.8.3 h1:RP3t2pwF7cMEbC1dqtB6poj3niw/9gnV4Cjg5oW5gtY=
github.com/stretchr/testify v1.8.3/go.mod h1:sz/lmYIOXD/1dqDmKjjqLyZ2RngseejIcXlSw2iwfAo=
gopkg.in/check.v1 v0.0.0-20161208181325-20d25e280405 h1:yhCVgyC4o1eVCa2tZl7eS0r+SDo693bJlVdllGtEeKM=
gopkg.in/check.v1 v0.0.0-20161208181325-20d25e280405/go.mod h1:Co6ibVJAznAaIkqp8huTwlJQCZ016jof/cbN4VW5Yz0=
gopkg.in/yaml.v3 v3.0.1 h1:fxVm/GzAzEWqLHuvctI91KS9hhNmmWOoWu0XTYJS7CA=
gopkg.in/yaml.v3 v3.0.1/go.mod h1:K4uyk7z7BCEPqu6E+C64Yfv1cQ7kz7rIZviUmN+EgEM=
