# This file is automatically @generated by Poetry 1.7.1 and should not be changed by hand.

[[package]]
name = "black"
version = "24.1.0"
description = "The uncompromising code formatter."
optional = false
python-versions = ">=3.8"
files = [
    {file = "black-24.1.0-cp310-cp310-macosx_10_9_x86_64.whl", hash = "sha256:94d5280d020dadfafc75d7cae899609ed38653d3f5e82e7ce58f75e76387ed3d"},
    {file = "black-24.1.0-cp310-cp310-macosx_11_0_arm64.whl", hash = "sha256:aaf9aa85aaaa466bf969e7dd259547f4481b712fe7ee14befeecc152c403ee05"},
    {file = "black-24.1.0-cp310-cp310-manylinux_2_17_x86_64.manylinux2014_x86_64.whl", hash = "sha256:ec489cae76eac3f7573629955573c3a0e913641cafb9e3bfc87d8ce155ebdb29"},
    {file = "black-24.1.0-cp310-cp310-win_amd64.whl", hash = "sha256:a5a0100b4bdb3744dd68412c3789f472d822dc058bb3857743342f8d7f93a5a7"},
    {file = "black-24.1.0-cp311-cp311-macosx_10_9_x86_64.whl", hash = "sha256:6cc5a6ba3e671cfea95a40030b16a98ee7dc2e22b6427a6f3389567ecf1b5262"},
    {file = "black-24.1.0-cp311-cp311-macosx_11_0_arm64.whl", hash = "sha256:e0e367759062dcabcd9a426d12450c6d61faf1704a352a49055a04c9f9ce8f5a"},
    {file = "black-24.1.0-cp311-cp311-manylinux_2_17_x86_64.manylinux2014_x86_64.whl", hash = "sha256:be305563ff4a2dea813f699daaffac60b977935f3264f66922b1936a5e492ee4"},
    {file = "black-24.1.0-cp311-cp311-win_amd64.whl", hash = "sha256:6a8977774929b5db90442729f131221e58cc5d8208023c6af9110f26f75b6b20"},
    {file = "black-24.1.0-cp312-cp312-macosx_10_9_x86_64.whl", hash = "sha256:d74d4d0da276fbe3b95aa1f404182562c28a04402e4ece60cf373d0b902f33a0"},
    {file = "black-24.1.0-cp312-cp312-macosx_11_0_arm64.whl", hash = "sha256:39addf23f7070dbc0b5518cdb2018468ac249d7412a669b50ccca18427dba1f3"},
    {file = "black-24.1.0-cp312-cp312-manylinux_2_17_x86_64.manylinux2014_x86_64.whl", hash = "sha256:827a7c0da520dd2f8e6d7d3595f4591aa62ccccce95b16c0e94bb4066374c4c2"},
    {file = "black-24.1.0-cp312-cp312-win_amd64.whl", hash = "sha256:0cd59d01bf3306ff7e3076dd7f4435fcd2fafe5506a6111cae1138fc7de52382"},
    {file = "black-24.1.0-cp38-cp38-macosx_10_9_x86_64.whl", hash = "sha256:bf8dd261ee82df1abfb591f97e174345ab7375a55019cc93ad38993b9ff5c6ad"},
    {file = "black-24.1.0-cp38-cp38-macosx_11_0_arm64.whl", hash = "sha256:82d9452aeabd51d1c8f0d52d4d18e82b9f010ecb30fd55867b5ff95904f427ff"},
    {file = "black-24.1.0-cp38-cp38-manylinux_2_17_x86_64.manylinux2014_x86_64.whl", hash = "sha256:9aede09f72b2a466e673ee9fca96e4bccc36f463cac28a35ce741f0fd13aea8b"},
    {file = "black-24.1.0-cp38-cp38-win_amd64.whl", hash = "sha256:780f13d03066a7daf1707ec723fdb36bd698ffa29d95a2e7ef33a8dd8fe43b5c"},
    {file = "black-24.1.0-cp39-cp39-macosx_10_9_x86_64.whl", hash = "sha256:a15670c650668399c4b5eae32e222728185961d6ef6b568f62c1681d57b381ba"},
    {file = "black-24.1.0-cp39-cp39-macosx_11_0_arm64.whl", hash = "sha256:1e0fa70b8464055069864a4733901b31cbdbe1273f63a24d2fa9d726723d45ac"},
    {file = "black-24.1.0-cp39-cp39-manylinux_2_17_x86_64.manylinux2014_x86_64.whl", hash = "sha256:7fa8d9aaa22d846f8c0f7f07391148e5e346562e9b215794f9101a8339d8b6d8"},
    {file = "black-24.1.0-cp39-cp39-win_amd64.whl", hash = "sha256:f0dfbfbacfbf9cd1fac7a5ddd3e72510ffa93e841a69fcf4a6358feab1685382"},
    {file = "black-24.1.0-py3-none-any.whl", hash = "sha256:5134a6f6b683aa0a5592e3fd61dd3519d8acd953d93e2b8b76f9981245b65594"},
    {file = "black-24.1.0.tar.gz", hash = "sha256:30fbf768cd4f4576598b1db0202413fafea9a227ef808d1a12230c643cefe9fc"},
]

[package.dependencies]
click = ">=8.0.0"
mypy-extensions = ">=0.4.3"
packaging = ">=22.0"
pathspec = ">=0.9.0"
platformdirs = ">=2"
tomli = {version = ">=1.1.0", markers = "python_version < \"3.11\""}
typing-extensions = {version = ">=4.0.1", markers = "python_version < \"3.11\""}

[package.extras]
colorama = ["colorama (>=0.4.3)"]
d = ["aiohttp (>=3.7.4)", "aiohttp (>=3.7.4,!=3.9.0)"]
jupyter = ["ipython (>=7.8.0)", "tokenize-rt (>=3.2.0)"]
uvloop = ["uvloop (>=0.15.2)"]

[[package]]
name = "click"
version = "8.1.7"
description = "Composable command line interface toolkit"
optional = false
python-versions = ">=3.7"
files = [
    {file = "click-8.1.7-py3-none-any.whl", hash = "sha256:ae74fb96c20a0277a1d615f1e4d73c8414f5a98db8b799a7931d1582f3390c28"},
    {file = "click-8.1.7.tar.gz", hash = "sha256:ca9853ad459e787e2192211578cc907e7594e294c7ccc834310722b41b9ca6de"},
]

[package.dependencies]
colorama = {version = "*", markers = "platform_system == \"Windows\""}

[[package]]
name = "colorama"
version = "0.4.6"
description = "Cross-platform colored terminal text."
optional = false
python-versions = "!=3.0.*,!=3.1.*,!=3.2.*,!=3.3.*,!=3.4.*,!=3.5.*,!=3.6.*,>=2.7"
files = [
    {file = "colorama-0.4.6-py2.py3-none-any.whl", hash = "sha256:4f1d9991f5acc0ca119f9d443620b77f9d6b33703e51011c16baf57afb285fc6"},
    {file = "colorama-0.4.6.tar.gz", hash = "sha256:08695f5cb7ed6e0531a20572697297273c47b8cae5a63ffc6d6ed5c201be6e44"},
]

[[package]]
name = "exceptiongroup"
version = "1.2.0"
description = "Backport of PEP 654 (exception groups)"
optional = false
python-versions = ">=3.7"
files = [
    {file = "exceptiongroup-1.2.0-py3-none-any.whl", hash = "sha256:4bfd3996ac73b41e9b9628b04e079f193850720ea5945fc96a08633c66912f14"},
    {file = "exceptiongroup-1.2.0.tar.gz", hash = "sha256:91f5c769735f051a4290d52edd0858999b57e5876e9f85937691bd4c9fa3ed68"},
]

[package.extras]
test = ["pytest (>=6)"]

[[package]]
name = "iniconfig"
version = "2.0.0"
description = "brain-dead simple config-ini parsing"
optional = false
python-versions = ">=3.7"
files = [
    {file = "iniconfig-2.0.0-py3-none-any.whl", hash = "sha256:b6a85871a79d2e3b22d2d1b94ac2824226a63c6b741c88f7ae975f18b6778374"},
    {file = "iniconfig-2.0.0.tar.gz", hash = "sha256:2d91e135bf72d31a410b17c16da610a82cb55f6b0477d1a902134b24a455b8b3"},
]

[[package]]
name = "mypy-extensions"
version = "1.0.0"
description = "Type system extensions for programs checked with the mypy type checker."
optional = false
python-versions = ">=3.5"
files = [
    {file = "mypy_extensions-1.0.0-py3-none-any.whl", hash = "sha256:4392f6c0eb8a5668a69e23d168ffa70f0be9ccfd32b5cc2d26a34ae5b844552d"},
    {file = "mypy_extensions-1.0.0.tar.gz", hash = "sha256:75dbf8955dc00442a438fc4d0666508a9a97b6bd41aa2f0ffe9d2f2725af0782"},
]

[[package]]
name = "packaging"
version = "23.2"
description = "Core utilities for Python packages"
optional = false
python-versions = ">=3.7"
files = [
    {file = "packaging-23.2-py3-none-any.whl", hash = "sha256:8c491190033a9af7e1d931d0b5dacc2ef47509b34dd0de67ed209b5203fc88c7"},
    {file = "packaging-23.2.tar.gz", hash = "sha256:048fb0e9405036518eaaf48a55953c750c11e1a1b68e0dd1a9d62ed0c092cfc5"},
]

[[package]]
name = "pathspec"
version = "0.12.1"
description = "Utility library for gitignore style pattern matching of file paths."
optional = false
python-versions = ">=3.8"
files = [
    {file = "pathspec-0.12.1-py3-none-any.whl", hash = "sha256:a0d503e138a4c123b27490a4f7beda6a01c6f288df0e4a8b79c7eb0dc7b4cc08"},
    {file = "pathspec-0.12.1.tar.gz", hash = "sha256:a482d51503a1ab33b1c67a6c3813a26953dbdc71c31dacaef9a838c4e29f5712"},
]

[[package]]
name = "platformdirs"
version = "4.1.0"
description = "A small Python package for determining appropriate platform-specific dirs, e.g. a \"user data dir\"."
optional = false
python-versions = ">=3.8"
files = [
    {file = "platformdirs-4.1.0-py3-none-any.whl", hash = "sha256:11c8f37bcca40db96d8144522d925583bdb7a31f7b0e37e3ed4318400a8e2380"},
    {file = "platformdirs-4.1.0.tar.gz", hash = "sha256:906d548203468492d432bcb294d4bc2fff751bf84971fbb2c10918cc206ee420"},
]

[package.extras]
docs = ["furo (>=2023.7.26)", "proselint (>=0.13)", "sphinx (>=7.1.1)", "sphinx-autodoc-typehints (>=1.24)"]
test = ["appdirs (==1.4.4)", "covdefaults (>=2.3)", "pytest (>=7.4)", "pytest-cov (>=4.1)", "pytest-mock (>=3.11.1)"]

[[package]]
name = "pluggy"
version = "1.3.0"
description = "plugin and hook calling mechanisms for python"
optional = false
python-versions = ">=3.8"
files = [
    {file = "pluggy-1.3.0-py3-none-any.whl", hash = "sha256:d89c696a773f8bd377d18e5ecda92b7a3793cbe66c87060a6fb58c7b6e1061f7"},
    {file = "pluggy-1.3.0.tar.gz", hash = "sha256:cf61ae8f126ac6f7c451172cf30e3e43d3ca77615509771b3a984a0730651e12"},
]

[package.extras]
dev = ["pre-commit", "tox"]
testing = ["pytest", "pytest-benchmark"]

[[package]]
name = "pytest"
version = "8.0.0"
description = "pytest: simple powerful testing with Python"
optional = false
python-versions = ">=3.8"
files = [
    {file = "pytest-8.0.0-py3-none-any.whl", hash = "sha256:50fb9cbe836c3f20f0dfa99c565201fb75dc54c8d76373cd1bde06b06657bdb6"},
    {file = "pytest-8.0.0.tar.gz", hash = "sha256:249b1b0864530ba251b7438274c4d251c58d868edaaec8762893ad4a0d71c36c"},
]

[package.dependencies]
colorama = {version = "*", markers = "sys_platform == \"win32\""}
exceptiongroup = {version = ">=1.0.0rc8", markers = "python_version < \"3.11\""}
iniconfig = "*"
packaging = "*"
pluggy = ">=1.3.0,<2.0"
tomli = {version = ">=1.0.0", markers = "python_version < \"3.11\""}

[package.extras]
testing = ["argcomplete", "attrs (>=19.2.0)", "hypothesis (>=3.56)", "mock", "nose", "pygments (>=2.7.2)", "requests", "setuptools", "xmlschema"]

[[package]]
name = "tomli"
version = "2.0.1"
description = "A lil' TOML parser"
optional = false
python-versions = ">=3.7"
files = [
    {file = "tomli-2.0.1-py3-none-any.whl", hash = "sha256:939de3e7a6161af0c887ef91b7d41a53e7c5a1ca976325f429cb46ea9bc30ecc"},
    {file = "tomli-2.0.1.tar.gz", hash = "sha256:de526c12914f0c550d15924c62d72abc48d6fe7364aa87328337a31007fe8a4f"},
]

[[package]]
name = "typing-extensions"
version = "4.9.0"
description = "Backported and Experimental Type Hints for Python 3.8+"
optional = false
python-versions = ">=3.8"
files = [
    {file = "typing_extensions-4.9.0-py3-none-any.whl", hash = "sha256:af72aea155e91adfc61c3ae9e0e342dbc0cba726d6cba4b6c72c1f34e47291cd"},
    {file = "typing_extensions-4.9.0.tar.gz", hash = "sha256:23478f88c37f27d76ac8aee6c905017a143b0b1b886c3c9f66bc2fd94f9f5783"},
]

[metadata]
lock-version = "2.0"
python-versions = "^3.8"
content-hash = "74955a8d88432cff46c21175148e554d5c769c0542c93725538ffc75cf3bcbc6"
